
Microsoft Visual Studio Solution File, Format Version 12.00
# Visual Studio Version 17
VisualStudioVersion = 17.4.33213.308
MinimumVisualStudioVersion = 10.0.40219.1
Project("{FAE04EC0-301F-11D3-BF4B-00C04F79EFBC}") = "Deliverable(2)", "Deliverable(2).csproj", "{BE010CA8-C7B9-42EE-8F49-E2FB8533266F}"
EndProject
Global
	GlobalSection(SolutionConfigurationPlatforms) = preSolution
		Debug|Any CPU = Debug|Any CPU
		Release|Any CPU = Release|Any CPU
	EndGlobalSection
	GlobalSection(ProjectConfigurationPlatforms) = postSolution
		{BE010CA8-C7B9-42EE-8F49-E2FB8533266F}.Debug|Any CPU.ActiveCfg = Debug|Any CPU
		{BE010CA8-C7B9-42EE-8F49-E2FB8533266F}.Debug|Any CPU.Build.0 = Debug|Any CPU
		{BE010CA8-C7B9-42EE-8F49-E2FB8533266F}.Release|Any CPU.ActiveCfg = Release|Any CPU
		{BE010CA8-C7B9-42EE-8F49-E2FB8533266F}.Release|Any CPU.Build.0 = Release|Any CPU
	EndGlobalSection
	GlobalSection(SolutionProperties) = preSolution
		HideSolutionNode = FALSE
	EndGlobalSection
	GlobalSection(ExtensibilityGlobals) = postSolution
		SolutionGuid = {4E38D3DA-745C-4944-9D71-E6EB6563F056}
	EndGlobalSection
EndGlobal
